{
  "name": "kat-app",
  "version": "1.0.0",
  "lockfileVersion": 3,
  "requires": true,
  "packages": {
    "": {
      "name": "kat-app",
      "version": "1.0.0",
      "dependencies": {
        "greetlib": "file:vendor/greetlib",
        "needy": "file:vendor/needy",
        "peerlib": "file:vendor/peerlib"
      }
    },
    "node_modules/greetlib": {
      "resolved": "vendor/greetlib",
      "link": true
    },
    "node_modules/needy": {
      "resolved": "vendor/needy",
      "link": true
    },
    "node_modules/peerlib": {
      "resolved": "vendor/peerlib",
      "link": true
    },
    "vendor/greetlib": {
      "version": "1.0.0"
    },
    "vendor/needy": {
      "version": "1.0.0",
      "peerDependencies": {
        "peerlib": "^2.0.0"
      }
    },
    "vendor/peerlib": {
      "version": "1.0.0"
    }
  }
}
