{
  "name": "kat-app",
  "version": "1.0.0",
  "lockfileVersion": 3,
  "requires": true,
  "packages": {
    "": {
      "name": "kat-app",
      "version": "1.0.0",
      "dependencies": {
        "greetlib": "file:vendor/greetlib"
      }
    },
    "node_modules/greetlib": {
      "resolved": "vendor/greetlib",
      "link": true
    },
    "vendor/greetlib": {
      "version": "1.0.0"
    }
  }
}
